
Microsoft Visual Studio Solution File, Format Version 12.00
# Visual Studio Version 17
VisualStudioVersion = 17.4.32804.182
MinimumVisualStudioVersion = 10.0.40219.1
Project("{FAE04EC0-301F-11D3-BF4B-00C04F79EFBC}") = "ExerciceDocumentations", "ExerciceDocumentations\ExerciceDocumentations.csproj", "{FFADBA5D-5C03-4A50-96B6-000EE1A7FAE9}"
EndProject
Global
	GlobalSection(SolutionConfigurationPlatforms) = preSolution
		Debug|Any CPU = Debug|Any CPU
		Release|Any CPU = Release|Any CPU
	EndGlobalSection
	GlobalSection(ProjectConfigurationPlatforms) = postSolution
		{FFADBA5D-5C03-4A50-96B6-000EE1A7FAE9}.Debug|Any CPU.ActiveCfg = Debug|Any CPU
		{FFADBA5D-5C03-4A50-96B6-000EE1A7FAE9}.Debug|Any CPU.Build.0 = Debug|Any CPU
		{FFADBA5D-5C03-4A50-96B6-000EE1A7FAE9}.Release|Any CPU.ActiveCfg = Release|Any CPU
		{FFADBA5D-5C03-4A50-96B6-000EE1A7FAE9}.Release|Any CPU.Build.0 = Release|Any CPU
	EndGlobalSection
	GlobalSection(SolutionProperties) = preSolution
		HideSolutionNode = FALSE
	EndGlobalSection
	GlobalSection(ExtensibilityGlobals) = postSolution
		SolutionGuid = {D7C67F62-252A-48D7-BA24-B0F5330F3B69}
	EndGlobalSection
EndGlobal
